// !$*UTF8*$!
{
	archiveVersion = 1;
	classes = {
	};
	objectVersion = 50;
	objects = {

/* Begin PBXBuildFile section */
		223E2F63233CF6840004DCA6 /* LessonListView.swift in Sources */ = {isa = PBXBuildFile; fileRef = 223E2F62233CF6840004DCA6 /* LessonListView.swift */; };
		223E2F65233CFA260004DCA6 /* LessonDetailView.swift in Sources */ = {isa = PBXBuildFile; fileRef = 223E2F64233CFA260004DCA6 /* LessonDetailView.swift */; };
		22B4EADE23364E3200C204A7 /* AppDelegate.swift in Sources */ = {isa = PBXBuildFile; fileRef = 22B4EADD23364E3200C204A7 /* AppDelegate.swift */; };
		22B4EAE023364E3200C204A7 /* SceneDelegate.swift in Sources */ = {isa = PBXBuildFile; fileRef = 22B4EADF23364E3200C204A7 /* SceneDelegate.swift */; };
		22B4EAE323364E3200C204A7 /* Swiftyfy.xcdatamodeld in Sources */ = {isa = PBXBuildFile; fileRef = 22B4EAE123364E3200C204A7 /* Swiftyfy.xcdatamodeld */; };
		22B4EAE523364E3200C204A7 /* ContentView.swift in Sources */ = {isa = PBXBuildFile; fileRef = 22B4EAE423364E3200C204A7 /* ContentView.swift */; };
		22B4EAE723364E3400C204A7 /* Assets.xcassets in Resources */ = {isa = PBXBuildFile; fileRef = 22B4EAE623364E3400C204A7 /* Assets.xcassets */; };
		22B4EAEA23364E3400C204A7 /* Preview Assets.xcassets in Resources */ = {isa = PBXBuildFile; fileRef = 22B4EAE923364E3400C204A7 /* Preview Assets.xcassets */; };
		22B4EAED23364E3400C204A7 /* LaunchScreen.storyboard in Resources */ = {isa = PBXBuildFile; fileRef = 22B4EAEB23364E3400C204A7 /* LaunchScreen.storyboard */; };
		22B4EAF823364E3400C204A7 /* SwiftyfyTests.swift in Sources */ = {isa = PBXBuildFile; fileRef = 22B4EAF723364E3400C204A7 /* SwiftyfyTests.swift */; };
		22B4EB0323364E3400C204A7 /* SwiftyfyUITests.swift in Sources */ = {isa = PBXBuildFile; fileRef = 22B4EB0223364E3400C204A7 /* SwiftyfyUITests.swift */; };
		22C24C04233664920023BED0 /* TopicsRow.swift in Sources */ = {isa = PBXBuildFile; fileRef = 22C24C03233664920023BED0 /* TopicsRow.swift */; };
/* End PBXBuildFile section */

/* Begin PBXContainerItemProxy section */
		22B4EAF423364E3400C204A7 /* PBXContainerItemProxy */ = {
			isa = PBXContainerItemProxy;
			containerPortal = 22B4EAD223364E3200C204A7 /* Project object */;
			proxyType = 1;
			remoteGlobalIDString = 22B4EAD923364E3200C204A7;
			remoteInfo = Swiftyfy;
		};
		22B4EAFF23364E3400C204A7 /* PBXContainerItemProxy */ = {
			isa = PBXContainerItemProxy;
			containerPortal = 22B4EAD223364E3200C204A7 /* Project object */;
			proxyType = 1;
			remoteGlobalIDString = 22B4EAD923364E3200C204A7;
			remoteInfo = Swiftyfy;
		};
/* End PBXContainerItemProxy section */

/* Begin PBXFileReference section */
		223E2F62233CF6840004DCA6 /* LessonListView.swift */ = {isa = PBXFileReference; lastKnownFileType = sourcecode.swift; path = LessonListView.swift; sourceTree = "<group>"; };
		223E2F64233CFA260004DCA6 /* LessonDetailView.swift */ = {isa = PBXFileReference; lastKnownFileType = sourcecode.swift; path = LessonDetailView.swift; sourceTree = "<group>"; };
		22B4EADA23364E3200C204A7 /* Swiftyfy.app */ = {isa = PBXFileReference; explicitFileType = wrapper.application; includeInIndex = 0; path = Swiftyfy.app; sourceTree = BUILT_PRODUCTS_DIR; };
		22B4EADD23364E3200C204A7 /* AppDelegate.swift */ = {isa = PBXFileReference; lastKnownFileType = sourcecode.swift; path = AppDelegate.swift; sourceTree = "<group>"; };
		22B4EADF23364E3200C204A7 /* SceneDelegate.swift */ = {isa = PBXFileReference; lastKnownFileType = sourcecode.swift; path = SceneDelegate.swift; sourceTree = "<group>"; };
		22B4EAE223364E3200C204A7 /* Swiftyfy.xcdatamodel */ = {isa = PBXFileReference; lastKnownFileType = wrapper.xcdatamodel; path = Swiftyfy.xcdatamodel; sourceTree = "<group>"; };
		22B4EAE423364E3200C204A7 /* ContentView.swift */ = {isa = PBXFileReference; lastKnownFileType = sourcecode.swift; path = ContentView.swift; sourceTree = "<group>"; };
		22B4EAE623364E3400C204A7 /* Assets.xcassets */ = {isa = PBXFileReference; lastKnownFileType = folder.assetcatalog; path = Assets.xcassets; sourceTree = "<group>"; };
		22B4EAE923364E3400C204A7 /* Preview Assets.xcassets */ = {isa = PBXFileReference; lastKnownFileType = folder.assetcatalog; path = "Preview Assets.xcassets"; sourceTree = "<group>"; };
		22B4EAEC23364E3400C204A7 /* Base */ = {isa = PBXFileReference; lastKnownFileType = file.storyboard; name = Base; path = Base.lproj/LaunchScreen.storyboard; sourceTree = "<group>"; };
		22B4EAEE23364E3400C204A7 /* Info.plist */ = {isa = PBXFileReference; lastKnownFileType = text.plist.xml; path = Info.plist; sourceTree = "<group>"; };
		22B4EAF323364E3400C204A7 /* SwiftyfyTests.xctest */ = {isa = PBXFileReference; explicitFileType = wrapper.cfbundle; includeInIndex = 0; path = SwiftyfyTests.xctest; sourceTree = BUILT_PRODUCTS_DIR; };
		22B4EAF723364E3400C204A7 /* SwiftyfyTests.swift */ = {isa = PBXFileReference; lastKnownFileType = sourcecode.swift; path = SwiftyfyTests.swift; sourceTree = "<group>"; };
		22B4EAF923364E3400C204A7 /* Info.plist */ = {isa = PBXFileReference; lastKnownFileType = text.plist.xml; path = Info.plist; sourceTree = "<group>"; };
		22B4EAFE23364E3400C204A7 /* SwiftyfyUITests.xctest */ = {isa = PBXFileReference; explicitFileType = wrapper.cfbundle; includeInIndex = 0; path = SwiftyfyUITests.xctest; sourceTree = BUILT_PRODUCTS_DIR; };
		22B4EB0223364E3400C204A7 /* SwiftyfyUITests.swift */ = {isa = PBXFileReference; lastKnownFileType = sourcecode.swift; path = SwiftyfyUITests.swift; sourceTree = "<group>"; };
		22B4EB0423364E3400C204A7 /* Info.plist */ = {isa = PBXFileReference; lastKnownFileType = text.plist.xml; path = Info.plist; sourceTree = "<group>"; };
		22B4EB1023364F5900C204A7 /* Swiftyfy.entitlements */ = {isa = PBXFileReference; lastKnownFileType = text.plist.entitlements; path = Swiftyfy.entitlements; sourceTree = "<group>"; };
		22C24C03233664920023BED0 /* TopicsRow.swift */ = {isa = PBXFileReference; lastKnownFileType = sourcecode.swift; path = TopicsRow.swift; sourceTree = "<group>"; };
/* End PBXFileReference section */

/* Begin PBXFrameworksBuildPhase section */
		22B4EAD723364E3200C204A7 /* Frameworks */ = {
			isa = PBXFrameworksBuildPhase;
			buildActionMask = 2147483647;
			files = (
			);
			runOnlyForDeploymentPostprocessing = 0;
		};
		22B4EAF023364E3400C204A7 /* Frameworks */ = {
			isa = PBXFrameworksBuildPhase;
			buildActionMask = 2147483647;
			files = (
			);
			runOnlyForDeploymentPostprocessing = 0;
		};
		22B4EAFB23364E3400C204A7 /* Frameworks */ = {
			isa = PBXFrameworksBuildPhase;
			buildActionMask = 2147483647;
			files = (
			);
			runOnlyForDeploymentPostprocessing = 0;
		};
/* End PBXFrameworksBuildPhase section */

/* Begin PBXGroup section */
		22B4EAD123364E3200C204A7 = {
			isa = PBXGroup;
			children = (
				22B4EADC23364E3200C204A7 /* Swiftyfy */,
				22B4EAF623364E3400C204A7 /* SwiftyfyTests */,
				22B4EB0123364E3400C204A7 /* SwiftyfyUITests */,
				22B4EADB23364E3200C204A7 /* Products */,
			);
			sourceTree = "<group>";
		};
		22B4EADB23364E3200C204A7 /* Products */ = {
			isa = PBXGroup;
			children = (
				22B4EADA23364E3200C204A7 /* Swiftyfy.app */,
				22B4EAF323364E3400C204A7 /* SwiftyfyTests.xctest */,
				22B4EAFE23364E3400C204A7 /* SwiftyfyUITests.xctest */,
			);
			name = Products;
			sourceTree = "<group>";
		};
		22B4EADC23364E3200C204A7 /* Swiftyfy */ = {
			isa = PBXGroup;
			children = (
				22B4EB1023364F5900C204A7 /* Swiftyfy.entitlements */,
				22B4EADD23364E3200C204A7 /* AppDelegate.swift */,
				22B4EADF23364E3200C204A7 /* SceneDelegate.swift */,
				22B4EAE423364E3200C204A7 /* ContentView.swift */,
				223E2F62233CF6840004DCA6 /* LessonListView.swift */,
				223E2F64233CFA260004DCA6 /* LessonDetailView.swift */,
				22B4EAE623364E3400C204A7 /* Assets.xcassets */,
				22B4EAEB23364E3400C204A7 /* LaunchScreen.storyboard */,
				22B4EAEE23364E3400C204A7 /* Info.plist */,
				22C24C03233664920023BED0 /* TopicsRow.swift */,
				22B4EAE123364E3200C204A7 /* Swiftyfy.xcdatamodeld */,
				22B4EAE823364E3400C204A7 /* Preview Content */,
			);
			path = Swiftyfy;
			sourceTree = "<group>";
		};
		22B4EAE823364E3400C204A7 /* Preview Content */ = {
			isa = PBXGroup;
			children = (
				22B4EAE923364E3400C204A7 /* Preview Assets.xcassets */,
			);
			path = "Preview Content";
			sourceTree = "<group>";
		};
		22B4EAF623364E3400C204A7 /* SwiftyfyTests */ = {
			isa = PBXGroup;
			children = (
				22B4EAF723364E3400C204A7 /* SwiftyfyTests.swift */,
				22B4EAF923364E3400C204A7 /* Info.plist */,
			);
			path = SwiftyfyTests;
			sourceTree = "<group>";
		};
		22B4EB0123364E3400C204A7 /* SwiftyfyUITests */ = {
			isa = PBXGroup;
			children = (
				22B4EB0223364E3400C204A7 /* SwiftyfyUITests.swift */,
				22B4EB0423364E3400C204A7 /* Info.plist */,
			);
			path = SwiftyfyUITests;
			sourceTree = "<group>";
		};
/* End PBXGroup section */

/* Begin PBXNativeTarget section */
		22B4EAD923364E3200C204A7 /* Swiftyfy */ = {
			isa = PBXNativeTarget;
			buildConfigurationList = 22B4EB0723364E3400C204A7 /* Build configuration list for PBXNativeTarget "Swiftyfy" */;
			buildPhases = (
				22B4EAD623364E3200C204A7 /* Sources */,
				22B4EAD723364E3200C204A7 /* Frameworks */,
				22B4EAD823364E3200C204A7 /* Resources */,
			);
			buildRules = (
			);
			dependencies = (
			);
			name = Swiftyfy;
			productName = Swiftyfy;
			productReference = 22B4EADA23364E3200C204A7 /* Swiftyfy.app */;
			productType = "com.apple.product-type.application";
		};
		22B4EAF223364E3400C204A7 /* SwiftyfyTests */ = {
			isa = PBXNativeTarget;
			buildConfigurationList = 22B4EB0A23364E3400C204A7 /* Build configuration list for PBXNativeTarget "SwiftyfyTests" */;
			buildPhases = (
				22B4EAEF23364E3400C204A7 /* Sources */,
				22B4EAF023364E3400C204A7 /* Frameworks */,
				22B4EAF123364E3400C204A7 /* Resources */,
			);
			buildRules = (
			);
			dependencies = (
				22B4EAF523364E3400C204A7 /* PBXTargetDependency */,
			);
			name = SwiftyfyTests;
			productName = SwiftyfyTests;
			productReference = 22B4EAF323364E3400C204A7 /* SwiftyfyTests.xctest */;
			productType = "com.apple.product-type.bundle.unit-test";
		};
		22B4EAFD23364E3400C204A7 /* SwiftyfyUITests */ = {
			isa = PBXNativeTarget;
			buildConfigurationList = 22B4EB0D23364E3400C204A7 /* Build configuration list for PBXNativeTarget "SwiftyfyUITests" */;
			buildPhases = (
				22B4EAFA23364E3400C204A7 /* Sources */,
				22B4EAFB23364E3400C204A7 /* Frameworks */,
				22B4EAFC23364E3400C204A7 /* Resources */,
			);
			buildRules = (
			);
			dependencies = (
				22B4EB0023364E3400C204A7 /* PBXTargetDependency */,
			);
			name = SwiftyfyUITests;
			productName = SwiftyfyUITests;
			productReference = 22B4EAFE23364E3400C204A7 /* SwiftyfyUITests.xctest */;
			productType = "com.apple.product-type.bundle.ui-testing";
		};
/* End PBXNativeTarget section */

/* Begin PBXProject section */
		22B4EAD223364E3200C204A7 /* Project object */ = {
			isa = PBXProject;
			attributes = {
				LastSwiftUpdateCheck = 1100;
				LastUpgradeCheck = 1100;
				ORGANIZATIONNAME = samsonsunny;
				TargetAttributes = {
					22B4EAD923364E3200C204A7 = {
						CreatedOnToolsVersion = 11.0;
					};
					22B4EAF223364E3400C204A7 = {
						CreatedOnToolsVersion = 11.0;
						TestTargetID = 22B4EAD923364E3200C204A7;
					};
					22B4EAFD23364E3400C204A7 = {
						CreatedOnToolsVersion = 11.0;
						TestTargetID = 22B4EAD923364E3200C204A7;
					};
				};
			};
			buildConfigurationList = 22B4EAD523364E3200C204A7 /* Build configuration list for PBXProject "Swiftyfy" */;
			compatibilityVersion = "Xcode 9.3";
			developmentRegion = en;
			hasScannedForEncodings = 0;
			knownRegions = (
				en,
				Base,
			);
			mainGroup = 22B4EAD123364E3200C204A7;
			productRefGroup = 22B4EADB23364E3200C204A7 /* Products */;
			projectDirPath = "";
			projectRoot = "";
			targets = (
				22B4EAD923364E3200C204A7 /* Swiftyfy */,
				22B4EAF223364E3400C204A7 /* SwiftyfyTests */,
				22B4EAFD23364E3400C204A7 /* SwiftyfyUITests */,
			);
		};
/* End PBXProject section */

/* Begin PBXResourcesBuildPhase section */
		22B4EAD823364E3200C204A7 /* Resources */ = {
			isa = PBXResourcesBuildPhase;
			buildActionMask = 2147483647;
			files = (
				22B4EAED23364E3400C204A7 /* LaunchScreen.storyboard in Resources */,
				22B4EAEA23364E3400C204A7 /* Preview Assets.xcassets in Resources */,
				22B4EAE723364E3400C204A7 /* Assets.xcassets in Resources */,
			);
			runOnlyForDeploymentPostprocessing = 0;
		};
		22B4EAF123364E3400C204A7 /* Resources */ = {
			isa = PBXResourcesBuildPhase;
			buildActionMask = 2147483647;
			files = (
			);
			runOnlyForDeploymentPostprocessing = 0;
		};
		22B4EAFC23364E3400C204A7 /* Resources */ = {
			isa = PBXResourcesBuildPhase;
			buildActionMask = 2147483647;
			files = (
			);
			runOnlyForDeploymentPostprocessing = 0;
		};
/* End PBXResourcesBuildPhase section */

/* Begin PBXSourcesBuildPhase section */
		22B4EAD623364E3200C204A7 /* Sources */ = {
			isa = PBXSourcesBuildPhase;
			buildActionMask = 2147483647;
			files = (
				223E2F63233CF6840004DCA6 /* LessonListView.swift in Sources */,
				22B4EADE23364E3200C204A7 /* AppDelegate.swift in Sources */,
				223E2F65233CFA260004DCA6 /* LessonDetailView.swift in Sources */,
				22B4EAE023364E3200C204A7 /* SceneDelegate.swift in Sources */,
				22C24C04233664920023BED0 /* TopicsRow.swift in Sources */,
				22B4EAE523364E3200C204A7 /* ContentView.swift in Sources */,
				22B4EAE323364E3200C204A7 /* Swiftyfy.xcdatamodeld in Sources */,
			);
			runOnlyForDeploymentPostprocessing = 0;
		};
		22B4EAEF23364E3400C204A7 /* Sources */ = {
			isa = PBXSourcesBuildPhase;
			buildActionMask = 2147483647;
			files = (
				22B4EAF823364E3400C204A7 /* SwiftyfyTests.swift in Sources */,
			);
			runOnlyForDeploymentPostprocessing = 0;
		};
		22B4EAFA23364E3400C204A7 /* Sources */ = {
			isa = PBXSourcesBuildPhase;
			buildActionMask = 2147483647;
			files = (
				22B4EB0323364E3400C204A7 /* SwiftyfyUITests.swift in Sources */,
			);
			runOnlyForDeploymentPostprocessing = 0;
		};
/* End PBXSourcesBuildPhase section */

/* Begin PBXTargetDependency section */
		22B4EAF523364E3400C204A7 /* PBXTargetDependency */ = {
			isa = PBXTargetDependency;
			target = 22B4EAD923364E3200C204A7 /* Swiftyfy */;
			targetProxy = 22B4EAF423364E3400C204A7 /* PBXContainerItemProxy */;
		};
		22B4EB0023364E3400C204A7 /* PBXTargetDependency */ = {
			isa = PBXTargetDependency;
			target = 22B4EAD923364E3200C204A7 /* Swiftyfy */;
			targetProxy = 22B4EAFF23364E3400C204A7 /* PBXContainerItemProxy */;
		};
/* End PBXTargetDependency section */

/* Begin PBXVariantGroup section */
		22B4EAEB23364E3400C204A7 /* LaunchScreen.storyboard */ = {
			isa = PBXVariantGroup;
			children = (
				22B4EAEC23364E3400C204A7 /* Base */,
			);
			name = LaunchScreen.storyboard;
			sourceTree = "<group>";
		};
/* End PBXVariantGroup section */

/* Begin XCBuildConfiguration section */
		22B4EB0523364E3400C204A7 /* Debug */ = {
			isa = XCBuildConfiguration;
			buildSettings = {
				ALWAYS_SEARCH_USER_PATHS = NO;
				CLANG_ANALYZER_NONNULL = YES;
				CLANG_ANALYZER_NUMBER_OBJECT_CONVERSION = YES_AGGRESSIVE;
				CLANG_CXX_LANGUAGE_STANDARD = "gnu++14";
				CLANG_CXX_LIBRARY = "libc++";
				CLANG_ENABLE_MODULES = YES;
				CLANG_ENABLE_OBJC_ARC = YES;
				CLANG_ENABLE_OBJC_WEAK = YES;
				CLANG_WARN_BLOCK_CAPTURE_AUTORELEASING = YES;
				CLANG_WARN_BOOL_CONVERSION = YES;
				CLANG_WARN_COMMA = YES;
				CLANG_WARN_CONSTANT_CONVERSION = YES;
				CLANG_WARN_DEPRECATED_OBJC_IMPLEMENTATIONS = YES;
				CLANG_WARN_DIRECT_OBJC_ISA_USAGE = YES_ERROR;
				CLANG_WARN_DOCUMENTATION_COMMENTS = YES;
				CLANG_WARN_EMPTY_BODY = YES;
				CLANG_WARN_ENUM_CONVERSION = YES;
				CLANG_WARN_INFINITE_RECURSION = YES;
				CLANG_WARN_INT_CONVERSION = YES;
				CLANG_WARN_NON_LITERAL_NULL_CONVERSION = YES;
				CLANG_WARN_OBJC_IMPLICIT_RETAIN_SELF = YES;
				CLANG_WARN_OBJC_LITERAL_CONVERSION = YES;
				CLANG_WARN_OBJC_ROOT_CLASS = YES_ERROR;
				CLANG_WARN_RANGE_LOOP_ANALYSIS = YES;
				CLANG_WARN_STRICT_PROTOTYPES = YES;
				CLANG_WARN_SUSPICIOUS_MOVE = YES;
				CLANG_WARN_UNGUARDED_AVAILABILITY = YES_AGGRESSIVE;
				CLANG_WARN_UNREACHABLE_CODE = YES;
				CLANG_WARN__DUPLICATE_METHOD_MATCH = YES;
				COPY_PHASE_STRIP = NO;
				DEBUG_INFORMATION_FORMAT = dwarf;
				ENABLE_STRICT_OBJC_MSGSEND = YES;
				ENABLE_TESTABILITY = YES;
				GCC_C_LANGUAGE_STANDARD = gnu11;
				GCC_DYNAMIC_NO_PIC = NO;
				GCC_NO_COMMON_BLOCKS = YES;
				GCC_OPTIMIZATION_LEVEL = 0;
				GCC_PREPROCESSOR_DEFINITIONS = (
					"DEBUG=1",
					"$(inherited)",
				);
				GCC_WARN_64_TO_32_BIT_CONVERSION = YES;
				GCC_WARN_ABOUT_RETURN_TYPE = YES_ERROR;
				GCC_WARN_UNDECLARED_SELECTOR = YES;
				GCC_WARN_UNINITIALIZED_AUTOS = YES_AGGRESSIVE;
				GCC_WARN_UNUSED_FUNCTION = YES;
				GCC_WARN_UNUSED_VARIABLE = YES;
				IPHONEOS_DEPLOYMENT_TARGET = 13.0;
				MTL_ENABLE_DEBUG_INFO = INCLUDE_SOURCE;
				MTL_FAST_MATH = YES;
				ONLY_ACTIVE_ARCH = YES;
				SDKROOT = iphoneos;
				SWIFT_ACTIVE_COMPILATION_CONDITIONS = DEBUG;
				SWIFT_OPTIMIZATION_LEVEL = "-Onone";
			};
			name = Debug;
		};
		22B4EB0623364E3400C204A7 /* Release */ = {
			isa = XCBuildConfiguration;
			buildSettings = {
				ALWAYS_SEARCH_USER_PATHS = NO;
				CLANG_ANALYZER_NONNULL = YES;
				CLANG_ANALYZER_NUMBER_OBJECT_CONVERSION = YES_AGGRESSIVE;
				CLANG_CXX_LANGUAGE_STANDARD = "gnu++14";
				CLANG_CXX_LIBRARY = "libc++";
				CLANG_ENABLE_MODULES = YES;
				CLANG_ENABLE_OBJC_ARC = YES;
				CLANG_ENABLE_OBJC_WEAK = YES;
				CLANG_WARN_BLOCK_CAPTURE_AUTORELEASING = YES;
				CLANG_WARN_BOOL_CONVERSION = YES;
				CLANG_WARN_COMMA = YES;
				CLANG_WARN_CONSTANT_CONVERSION = YES;
				CLANG_WARN_DEPRECATED_OBJC_IMPLEMENTATIONS = YES;
				CLANG_WARN_DIRECT_OBJC_ISA_USAGE = YES_ERROR;
				CLANG_WARN_DOCUMENTATION_COMMENTS = YES;
				CLANG_WARN_EMPTY_BODY = YES;
				CLANG_WARN_ENUM_CONVERSION = YES;
				CLANG_WARN_INFINITE_RECURSION = YES;
				CLANG_WARN_INT_CONVERSION = YES;
				CLANG_WARN_NON_LITERAL_NULL_CONVERSION = YES;
				CLANG_WARN_OBJC_IMPLICIT_RETAIN_SELF = YES;
				CLANG_WARN_OBJC_LITERAL_CONVERSION = YES;
				CLANG_WARN_OBJC_ROOT_CLASS = YES_ERROR;
				CLANG_WARN_RANGE_LOOP_ANALYSIS = YES;
				CLANG_WARN_STRICT_PROTOTYPES = YES;
				CLANG_WARN_SUSPICIOUS_MOVE = YES;
				CLANG_WARN_UNGUARDED_AVAILABILITY = YES_AGGRESSIVE;
				CLANG_WARN_UNREACHABLE_CODE = YES;
				CLANG_WARN__DUPLICATE_METHOD_MATCH = YES;
				COPY_PHASE_STRIP = NO;
				DEBUG_INFORMATION_FORMAT = "dwarf-with-dsym";
				ENABLE_NS_ASSERTIONS = NO;
				ENABLE_STRICT_OBJC_MSGSEND = YES;
				GCC_C_LANGUAGE_STANDARD = gnu11;
				GCC_NO_COMMON_BLOCKS = YES;
				GCC_WARN_64_TO_32_BIT_CONVERSION = YES;
				GCC_WARN_ABOUT_RETURN_TYPE = YES_ERROR;
				GCC_WARN_UNDECLARED_SELECTOR = YES;
				GCC_WARN_UNINITIALIZED_AUTOS = YES_AGGRESSIVE;
				GCC_WARN_UNUSED_FUNCTION = YES;
				GCC_WARN_UNUSED_VARIABLE = YES;
				IPHONEOS_DEPLOYMENT_TARGET = 13.0;
				MTL_ENABLE_DEBUG_INFO = NO;
				MTL_FAST_MATH = YES;
				SDKROOT = iphoneos;
				SWIFT_COMPILATION_MODE = wholemodule;
				SWIFT_OPTIMIZATION_LEVEL = "-O";
				VALIDATE_PRODUCT = YES;
			};
			name = Release;
		};
		22B4EB0823364E3400C204A7 /* Debug */ = {
			isa = XCBuildConfiguration;
			buildSettings = {
				ASSETCATALOG_COMPILER_APPICON_NAME = AppIcon;
				CODE_SIGN_ENTITLEMENTS = Swiftyfy/Swiftyfy.entitlements;
				CODE_SIGN_STYLE = Automatic;
				DERIVE_MACCATALYST_PRODUCT_BUNDLE_IDENTIFIER = YES;
				DEVELOPMENT_ASSET_PATHS = "\"Swiftyfy/Preview Content\"";
				DEVELOPMENT_TEAM = 63W4NX9ZR9;
				ENABLE_PREVIEWS = YES;
				INFOPLIST_FILE = Swiftyfy/Info.plist;
				LD_RUNPATH_SEARCH_PATHS = (
					"$(inherited)",
					"@executable_path/Frameworks",
				);
				PRODUCT_BUNDLE_IDENTIFIER = com.samsonsunny.app.Swiftyfy;
				PRODUCT_NAME = "$(TARGET_NAME)";
				SUPPORTS_MACCATALYST = YES;
				SWIFT_VERSION = 5.0;
				TARGETED_DEVICE_FAMILY = "1,2";
			};
			name = Debug;
		};
		22B4EB0923364E3400C204A7 /* Release */ = {
			isa = XCBuildConfiguration;
			buildSettings = {
				ASSETCATALOG_COMPILER_APPICON_NAME = AppIcon;
				CODE_SIGN_ENTITLEMENTS = Swiftyfy/Swiftyfy.entitlements;
				CODE_SIGN_STYLE = Automatic;
				DERIVE_MACCATALYST_PRODUCT_BUNDLE_IDENTIFIER = YES;
				DEVELOPMENT_ASSET_PATHS = "\"Swiftyfy/Preview Content\"";
				DEVELOPMENT_TEAM = 63W4NX9ZR9;
				ENABLE_PREVIEWS = YES;
				INFOPLIST_FILE = Swiftyfy/Info.plist;
				LD_RUNPATH_SEARCH_PATHS = (
					"$(inherited)",
					"@executable_path/Frameworks",
				);
				PRODUCT_BUNDLE_IDENTIFIER = com.samsonsunny.app.Swiftyfy;
				PRODUCT_NAME = "$(TARGET_NAME)";
				SUPPORTS_MACCATALYST = YES;
				SWIFT_VERSION = 5.0;
				TARGETED_DEVICE_FAMILY = "1,2";
			};
			name = Release;
		};
		22B4EB0B23364E3400C204A7 /* Debug */ = {
			isa = XCBuildConfiguration;
			buildSettings = {
				ALWAYS_EMBED_SWIFT_STANDARD_LIBRARIES = YES;
				BUNDLE_LOADER = "$(TEST_HOST)";
				CODE_SIGN_STYLE = Automatic;
				DEVELOPMENT_TEAM = 63W4NX9ZR9;
				INFOPLIST_FILE = SwiftyfyTests/Info.plist;
				IPHONEOS_DEPLOYMENT_TARGET = 13.0;
				LD_RUNPATH_SEARCH_PATHS = (
					"$(inherited)",
					"@executable_path/Frameworks",
					"@loader_path/Frameworks",
				);
				PRODUCT_BUNDLE_IDENTIFIER = com.samsonsunny.app.SwiftyfyTests;
				PRODUCT_NAME = "$(TARGET_NAME)";
				SWIFT_VERSION = 5.0;
				TARGETED_DEVICE_FAMILY = "1,2";
				TEST_HOST = "$(BUILT_PRODUCTS_DIR)/Swiftyfy.app/Swiftyfy";
			};
			name = Debug;
		};
		22B4EB0C23364E3400C204A7 /* Release */ = {
			isa = XCBuildConfiguration;
			buildSettings = {
				ALWAYS_EMBED_SWIFT_STANDARD_LIBRARIES = YES;
				BUNDLE_LOADER = "$(TEST_HOST)";
				CODE_SIGN_STYLE = Automatic;
				DEVELOPMENT_TEAM = 63W4NX9ZR9;
				INFOPLIST_FILE = SwiftyfyTests/Info.plist;
				IPHONEOS_DEPLOYMENT_TARGET = 13.0;
				LD_RUNPATH_SEARCH_PATHS = (
					"$(inherited)",
					"@executable_path/Frameworks",
					"@loader_path/Frameworks",
				);
				PRODUCT_BUNDLE_IDENTIFIER = com.samsonsunny.app.SwiftyfyTests;
				PRODUCT_NAME = "$(TARGET_NAME)";
				SWIFT_VERSION = 5.0;
				TARGETED_DEVICE_FAMILY = "1,2";
				TEST_HOST = "$(BUILT_PRODUCTS_DIR)/Swiftyfy.app/Swiftyfy";
			};
			name = Release;
		};
		22B4EB0E23364E3400C204A7 /* Debug */ = {
			isa = XCBuildConfiguration;
			buildSettings = {
				ALWAYS_EMBED_SWIFT_STANDARD_LIBRARIES = YES;
				CODE_SIGN_STYLE = Automatic;
				DEVELOPMENT_TEAM = 63W4NX9ZR9;
				INFOPLIST_FILE = SwiftyfyUITests/Info.plist;
				LD_RUNPATH_SEARCH_PATHS = (
					"$(inherited)",
					"@executable_path/Frameworks",
					"@loader_path/Frameworks",
				);
				PRODUCT_BUNDLE_IDENTIFIER = com.samsonsunny.app.SwiftyfyUITests;
				PRODUCT_NAME = "$(TARGET_NAME)";
				SWIFT_VERSION = 5.0;
				TARGETED_DEVICE_FAMILY = "1,2";
				TEST_TARGET_NAME = Swiftyfy;
			};
			name = Debug;
		};
		22B4EB0F23364E3400C204A7 /* Release */ = {
			isa = XCBuildConfiguration;
			buildSettings = {
				ALWAYS_EMBED_SWIFT_STANDARD_LIBRARIES = YES;
				CODE_SIGN_STYLE = Automatic;
				DEVELOPMENT_TEAM = 63W4NX9ZR9;
				INFOPLIST_FILE = SwiftyfyUITests/Info.plist;
				LD_RUNPATH_SEARCH_PATHS = (
					"$(inherited)",
					"@executable_path/Frameworks",
					"@loader_path/Frameworks",
				);
				PRODUCT_BUNDLE_IDENTIFIER = com.samsonsunny.app.SwiftyfyUITests;
				PRODUCT_NAME = "$(TARGET_NAME)";
				SWIFT_VERSION = 5.0;
				TARGETED_DEVICE_FAMILY = "1,2";
				TEST_TARGET_NAME = Swiftyfy;
			};
			name = Release;
		};
/* End XCBuildConfiguration section */

/* Begin XCConfigurationList section */
		22B4EAD523364E3200C204A7 /* Build configuration list for PBXProject "Swiftyfy" */ = {
			isa = XCConfigurationList;
			buildConfigurations = (
				22B4EB0523364E3400C204A7 /* Debug */,
				22B4EB0623364E3400C204A7 /* Release */,
			);
			defaultConfigurationIsVisible = 0;
			defaultConfigurationName = Release;
		};
		22B4EB0723364E3400C204A7 /* Build configuration list for PBXNativeTarget "Swiftyfy" */ = {
			isa = XCConfigurationList;
			buildConfigurations = (
				22B4EB0823364E3400C204A7 /* Debug */,
				22B4EB0923364E3400C204A7 /* Release */,
			);
			defaultConfigurationIsVisible = 0;
			defaultConfigurationName = Release;
		};
		22B4EB0A23364E3400C204A7 /* Build configuration list for PBXNativeTarget "SwiftyfyTests" */ = {
			isa = XCConfigurationList;
			buildConfigurations = (
				22B4EB0B23364E3400C204A7 /* Debug */,
				22B4EB0C23364E3400C204A7 /* Release */,
			);
			defaultConfigurationIsVisible = 0;
			defaultConfigurationName = Release;
		};
		22B4EB0D23364E3400C204A7 /* Build configuration list for PBXNativeTarget "SwiftyfyUITests" */ = {
			isa = XCConfigurationList;
			buildConfigurations = (
				22B4EB0E23364E3400C204A7 /* Debug */,
				22B4EB0F23364E3400C204A7 /* Release */,
			);
			defaultConfigurationIsVisible = 0;
			defaultConfigurationName = Release;
		};
/* End XCConfigurationList section */

/* Begin XCVersionGroup section */
		22B4EAE123364E3200C204A7 /* Swiftyfy.xcdatamodeld */ = {
			isa = XCVersionGroup;
			children = (
				22B4EAE223364E3200C204A7 /* Swiftyfy.xcdatamodel */,
			);
			currentVersion = 22B4EAE223364E3200C204A7 /* Swiftyfy.xcdatamodel */;
			path = Swiftyfy.xcdatamodeld;
			sourceTree = "<group>";
			versionGroupType = wrapper.xcdatamodel;
		};
/* End XCVersionGroup section */
	};
	rootObject = 22B4EAD223364E3200C204A7 /* Project object */;
}
